
Microsoft Visual Studio Solution File, Format Version 12.00
# Visual Studio Version 16
VisualStudioVersion = 16.0.31005.135
MinimumVisualStudioVersion = 10.0.40219.1
Project("{FAE04EC0-301F-11D3-BF4B-00C04F79EFBC}") = "QL_DatHang_GiaoHang", "QL_DatHang_GiaoHang\QL_DatHang_GiaoHang.csproj", "{0572B278-403C-4794-B8AC-E6BD5562DEC7}"
EndProject
Global
	GlobalSection(SolutionConfigurationPlatforms) = preSolution
		Debug|Any CPU = Debug|Any CPU
		Release|Any CPU = Release|Any CPU
	EndGlobalSection
	GlobalSection(ProjectConfigurationPlatforms) = postSolution
		{0572B278-403C-4794-B8AC-E6BD5562DEC7}.Debug|Any CPU.ActiveCfg = Debug|Any CPU
		{0572B278-403C-4794-B8AC-E6BD5562DEC7}.Debug|Any CPU.Build.0 = Debug|Any CPU
		{0572B278-403C-4794-B8AC-E6BD5562DEC7}.Release|Any CPU.ActiveCfg = Release|Any CPU
		{0572B278-403C-4794-B8AC-E6BD5562DEC7}.Release|Any CPU.Build.0 = Release|Any CPU
	EndGlobalSection
	GlobalSection(SolutionProperties) = preSolution
		HideSolutionNode = FALSE
	EndGlobalSection
	GlobalSection(ExtensibilityGlobals) = postSolution
		SolutionGuid = {E4FEE278-2E7B-47BE-B92A-71D6C49CF534}
	EndGlobalSection
EndGlobal
